// !$*UTF8*$!
{
	archiveVersion = 1;
	classes = {
	};
	objectVersion = 46;
	objects = {

/* Begin PBXBuildFile section */
		610237AB1C0ECF47005F6490 /* AppDelegate.swift in Sources */ = {isa = PBXBuildFile; fileRef = 610237AA1C0ECF47005F6490 /* AppDelegate.swift */; };
		610237AD1C0ECF47005F6490 /* ViewController.swift in Sources */ = {isa = PBXBuildFile; fileRef = 610237AC1C0ECF47005F6490 /* ViewController.swift */; };
		610237B01C0ECF47005F6490 /* Main.storyboard in Resources */ = {isa = PBXBuildFile; fileRef = 610237AE1C0ECF47005F6490 /* Main.storyboard */; };
		610237B21C0ECF47005F6490 /* Assets.xcassets in Resources */ = {isa = PBXBuildFile; fileRef = 610237B11C0ECF47005F6490 /* Assets.xcassets */; };
		610237C01C0ECF47005F6490 /* AlarmV2Tests.swift in Sources */ = {isa = PBXBuildFile; fileRef = 610237BF1C0ECF47005F6490 /* AlarmV2Tests.swift */; };
		610237CB1C0ECF47005F6490 /* AlarmV2UITests.swift in Sources */ = {isa = PBXBuildFile; fileRef = 610237CA1C0ECF47005F6490 /* AlarmV2UITests.swift */; };
		619402B51C5882D7005105C7 /* LaunchScreen.xib in Resources */ = {isa = PBXBuildFile; fileRef = 619402B41C5882D7005105C7 /* LaunchScreen.xib */; };
		619402B71C588AB2005105C7 /* starlogo.png in Resources */ = {isa = PBXBuildFile; fileRef = 619402B61C588AB2005105C7 /* starlogo.png */; };
/* End PBXBuildFile section */

/* Begin PBXContainerItemProxy section */
		610237BC1C0ECF47005F6490 /* PBXContainerItemProxy */ = {
			isa = PBXContainerItemProxy;
			containerPortal = 6102379F1C0ECF47005F6490 /* Project object */;
			proxyType = 1;
			remoteGlobalIDString = 610237A61C0ECF47005F6490;
			remoteInfo = AlarmV2;
		};
		610237C71C0ECF47005F6490 /* PBXContainerItemProxy */ = {
			isa = PBXContainerItemProxy;
			containerPortal = 6102379F1C0ECF47005F6490 /* Project object */;
			proxyType = 1;
			remoteGlobalIDString = 610237A61C0ECF47005F6490;
			remoteInfo = AlarmV2;
		};
/* End PBXContainerItemProxy section */

/* Begin PBXFileReference section */
		610237A71C0ECF47005F6490 /* AlarmV2.app */ = {isa = PBXFileReference; explicitFileType = wrapper.application; includeInIndex = 0; path = AlarmV2.app; sourceTree = BUILT_PRODUCTS_DIR; };
		610237AA1C0ECF47005F6490 /* AppDelegate.swift */ = {isa = PBXFileReference; lastKnownFileType = sourcecode.swift; path = AppDelegate.swift; sourceTree = "<group>"; };
		610237AC1C0ECF47005F6490 /* ViewController.swift */ = {isa = PBXFileReference; lastKnownFileType = sourcecode.swift; path = ViewController.swift; sourceTree = "<group>"; };
		610237AF1C0ECF47005F6490 /* Base */ = {isa = PBXFileReference; lastKnownFileType = file.storyboard; name = Base; path = Base.lproj/Main.storyboard; sourceTree = "<group>"; };
		610237B11C0ECF47005F6490 /* Assets.xcassets */ = {isa = PBXFileReference; lastKnownFileType = folder.assetcatalog; path = Assets.xcassets; sourceTree = "<group>"; };
		610237B61C0ECF47005F6490 /* Info.plist */ = {isa = PBXFileReference; lastKnownFileType = text.plist.xml; path = Info.plist; sourceTree = "<group>"; };
		610237BB1C0ECF47005F6490 /* AlarmV2.xctest */ = {isa = PBXFileReference; explicitFileType = wrapper.cfbundle; includeInIndex = 0; path = AlarmV2.xctest; sourceTree = BUILT_PRODUCTS_DIR; };
		610237BF1C0ECF47005F6490 /* AlarmV2Tests.swift */ = {isa = PBXFileReference; lastKnownFileType = sourcecode.swift; path = AlarmV2Tests.swift; sourceTree = "<group>"; };
		610237C11C0ECF47005F6490 /* Info.plist */ = {isa = PBXFileReference; lastKnownFileType = text.plist.xml; path = Info.plist; sourceTree = "<group>"; };
		610237C61C0ECF47005F6490 /* AlarmV2.xctest */ = {isa = PBXFileReference; explicitFileType = wrapper.cfbundle; includeInIndex = 0; path = AlarmV2.xctest; sourceTree = BUILT_PRODUCTS_DIR; };
		610237CA1C0ECF47005F6490 /* AlarmV2UITests.swift */ = {isa = PBXFileReference; lastKnownFileType = sourcecode.swift; path = AlarmV2UITests.swift; sourceTree = "<group>"; };
		610237CC1C0ECF47005F6490 /* Info.plist */ = {isa = PBXFileReference; lastKnownFileType = text.plist.xml; path = Info.plist; sourceTree = "<group>"; };
		619402B41C5882D7005105C7 /* LaunchScreen.xib */ = {isa = PBXFileReference; fileEncoding = 4; lastKnownFileType = file.xib; name = LaunchScreen.xib; path = ../LaunchScreen.xib; sourceTree = "<group>"; };
		619402B61C588AB2005105C7 /* starlogo.png */ = {isa = PBXFileReference; lastKnownFileType = image.png; path = starlogo.png; sourceTree = "<group>"; };
/* End PBXFileReference section */

/* Begin PBXFrameworksBuildPhase section */
		610237A41C0ECF47005F6490 /* Frameworks */ = {
			isa = PBXFrameworksBuildPhase;
			buildActionMask = 2147483647;
			files = (
			);
			runOnlyForDeploymentPostprocessing = 0;
		};
		610237B81C0ECF47005F6490 /* Frameworks */ = {
			isa = PBXFrameworksBuildPhase;
			buildActionMask = 2147483647;
			files = (
			);
			runOnlyForDeploymentPostprocessing = 0;
		};
		610237C31C0ECF47005F6490 /* Frameworks */ = {
			isa = PBXFrameworksBuildPhase;
			buildActionMask = 2147483647;
			files = (
			);
			runOnlyForDeploymentPostprocessing = 0;
		};
/* End PBXFrameworksBuildPhase section */

/* Begin PBXGroup section */
		6102379E1C0ECF47005F6490 = {
			isa = PBXGroup;
			children = (
				610237A91C0ECF47005F6490 /* AlarmV2 */,
				610237BE1C0ECF47005F6490 /* AlarmV2Tests */,
				610237C91C0ECF47005F6490 /* AlarmV2UITests */,
				610237A81C0ECF47005F6490 /* Products */,
			);
			sourceTree = "<group>";
		};
		610237A81C0ECF47005F6490 /* Products */ = {
			isa = PBXGroup;
			children = (
				610237A71C0ECF47005F6490 /* AlarmV2.app */,
				610237BB1C0ECF47005F6490 /* AlarmV2.xctest */,
				610237C61C0ECF47005F6490 /* AlarmV2.xctest */,
			);
			name = Products;
			sourceTree = "<group>";
		};
		610237A91C0ECF47005F6490 /* AlarmV2 */ = {
			isa = PBXGroup;
			children = (
				610237AA1C0ECF47005F6490 /* AppDelegate.swift */,
				610237AC1C0ECF47005F6490 /* ViewController.swift */,
				610237AE1C0ECF47005F6490 /* Main.storyboard */,
				619402B41C5882D7005105C7 /* LaunchScreen.xib */,
				619402B61C588AB2005105C7 /* starlogo.png */,
				610237B11C0ECF47005F6490 /* Assets.xcassets */,
				610237B61C0ECF47005F6490 /* Info.plist */,
			);
			path = AlarmV2;
			sourceTree = "<group>";
		};
		610237BE1C0ECF47005F6490 /* AlarmV2Tests */ = {
			isa = PBXGroup;
			children = (
				610237BF1C0ECF47005F6490 /* AlarmV2Tests.swift */,
				610237C11C0ECF47005F6490 /* Info.plist */,
			);
			path = AlarmV2Tests;
			sourceTree = "<group>";
		};
		610237C91C0ECF47005F6490 /* AlarmV2UITests */ = {
			isa = PBXGroup;
			children = (
				610237CA1C0ECF47005F6490 /* AlarmV2UITests.swift */,
				610237CC1C0ECF47005F6490 /* Info.plist */,
			);
			path = AlarmV2UITests;
			sourceTree = "<group>";
		};
/* End PBXGroup section */

/* Begin PBXNativeTarget section */
		610237A61C0ECF47005F6490 /* AlarmV2 */ = {
			isa = PBXNativeTarget;
			buildConfigurationList = 610237CF1C0ECF47005F6490 /* Build configuration list for PBXNativeTarget "AlarmV2" */;
			buildPhases = (
				610237A31C0ECF47005F6490 /* Sources */,
				610237A41C0ECF47005F6490 /* Frameworks */,
				610237A51C0ECF47005F6490 /* Resources */,
			);
			buildRules = (
			);
			dependencies = (
			);
			name = AlarmV2;
			productName = AlarmV2;
			productReference = 610237A71C0ECF47005F6490 /* AlarmV2.app */;
			productType = "com.apple.product-type.application";
		};
		610237BA1C0ECF47005F6490 /* AlarmV2Tests */ = {
			isa = PBXNativeTarget;
			buildConfigurationList = 610237D21C0ECF47005F6490 /* Build configuration list for PBXNativeTarget "AlarmV2Tests" */;
			buildPhases = (
				610237B71C0ECF47005F6490 /* Sources */,
				610237B81C0ECF47005F6490 /* Frameworks */,
				610237B91C0ECF47005F6490 /* Resources */,
			);
			buildRules = (
			);
			dependencies = (
				610237BD1C0ECF47005F6490 /* PBXTargetDependency */,
			);
			name = AlarmV2Tests;
			productName = AlarmV2Tests;
			productReference = 610237BB1C0ECF47005F6490 /* AlarmV2.xctest */;
			productType = "com.apple.product-type.bundle.unit-test";
		};
		610237C51C0ECF47005F6490 /* AlarmV2UITests */ = {
			isa = PBXNativeTarget;
			buildConfigurationList = 610237D51C0ECF47005F6490 /* Build configuration list for PBXNativeTarget "AlarmV2UITests" */;
			buildPhases = (
				610237C21C0ECF47005F6490 /* Sources */,
				610237C31C0ECF47005F6490 /* Frameworks */,
				610237C41C0ECF47005F6490 /* Resources */,
			);
			buildRules = (
			);
			dependencies = (
				610237C81C0ECF47005F6490 /* PBXTargetDependency */,
			);
			name = AlarmV2UITests;
			productName = AlarmV2UITests;
			productReference = 610237C61C0ECF47005F6490 /* AlarmV2.xctest */;
			productType = "com.apple.product-type.bundle.ui-testing";
		};
/* End PBXNativeTarget section */

/* Begin PBXProject section */
		6102379F1C0ECF47005F6490 /* Project object */ = {
			isa = PBXProject;
			attributes = {
				LastSwiftUpdateCheck = 0710;
				LastUpgradeCheck = 0710;
				ORGANIZATIONNAME = Masataka;
				TargetAttributes = {
					610237A61C0ECF47005F6490 = {
						CreatedOnToolsVersion = 7.1.1;
						DevelopmentTeam = LVSNUUQ6DW;
					};
					610237BA1C0ECF47005F6490 = {
						CreatedOnToolsVersion = 7.1.1;
						DevelopmentTeam = LVSNUUQ6DW;
						TestTargetID = 610237A61C0ECF47005F6490;
					};
					610237C51C0ECF47005F6490 = {
						CreatedOnToolsVersion = 7.1.1;
						DevelopmentTeam = LVSNUUQ6DW;
						TestTargetID = 610237A61C0ECF47005F6490;
					};
				};
			};
			buildConfigurationList = 610237A21C0ECF47005F6490 /* Build configuration list for PBXProject "AlarmV2" */;
			compatibilityVersion = "Xcode 3.2";
			developmentRegion = English;
			hasScannedForEncodings = 0;
			knownRegions = (
				en,
				Base,
			);
			mainGroup = 6102379E1C0ECF47005F6490;
			productRefGroup = 610237A81C0ECF47005F6490 /* Products */;
			projectDirPath = "";
			projectRoot = "";
			targets = (
				610237A61C0ECF47005F6490 /* AlarmV2 */,
				610237BA1C0ECF47005F6490 /* AlarmV2Tests */,
				610237C51C0ECF47005F6490 /* AlarmV2UITests */,
			);
		};
/* End PBXProject section */

/* Begin PBXResourcesBuildPhase section */
		610237A51C0ECF47005F6490 /* Resources */ = {
			isa = PBXResourcesBuildPhase;
			buildActionMask = 2147483647;
			files = (
				619402B51C5882D7005105C7 /* LaunchScreen.xib in Resources */,
				610237B21C0ECF47005F6490 /* Assets.xcassets in Resources */,
				619402B71C588AB2005105C7 /* starlogo.png in Resources */,
				610237B01C0ECF47005F6490 /* Main.storyboard in Resources */,
			);
			runOnlyForDeploymentPostprocessing = 0;
		};
		610237B91C0ECF47005F6490 /* Resources */ = {
			isa = PBXResourcesBuildPhase;
			buildActionMask = 2147483647;
			files = (
			);
			runOnlyForDeploymentPostprocessing = 0;
		};
		610237C41C0ECF47005F6490 /* Resources */ = {
			isa = PBXResourcesBuildPhase;
			buildActionMask = 2147483647;
			files = (
			);
			runOnlyForDeploymentPostprocessing = 0;
		};
/* End PBXResourcesBuildPhase section */

/* Begin PBXSourcesBuildPhase section */
		610237A31C0ECF47005F6490 /* Sources */ = {
			isa = PBXSourcesBuildPhase;
			buildActionMask = 2147483647;
			files = (
				610237AD1C0ECF47005F6490 /* ViewController.swift in Sources */,
				610237AB1C0ECF47005F6490 /* AppDelegate.swift in Sources */,
			);
			runOnlyForDeploymentPostprocessing = 0;
		};
		610237B71C0ECF47005F6490 /* Sources */ = {
			isa = PBXSourcesBuildPhase;
			buildActionMask = 2147483647;
			files = (
				610237C01C0ECF47005F6490 /* AlarmV2Tests.swift in Sources */,
			);
			runOnlyForDeploymentPostprocessing = 0;
		};
		610237C21C0ECF47005F6490 /* Sources */ = {
			isa = PBXSourcesBuildPhase;
			buildActionMask = 2147483647;
			files = (
				610237CB1C0ECF47005F6490 /* AlarmV2UITests.swift in Sources */,
			);
			runOnlyForDeploymentPostprocessing = 0;
		};
/* End PBXSourcesBuildPhase section */

/* Begin PBXTargetDependency section */
		610237BD1C0ECF47005F6490 /* PBXTargetDependency */ = {
			isa = PBXTargetDependency;
			target = 610237A61C0ECF47005F6490 /* AlarmV2 */;
			targetProxy = 610237BC1C0ECF47005F6490 /* PBXContainerItemProxy */;
		};
		610237C81C0ECF47005F6490 /* PBXTargetDependency */ = {
			isa = PBXTargetDependency;
			target = 610237A61C0ECF47005F6490 /* AlarmV2 */;
			targetProxy = 610237C71C0ECF47005F6490 /* PBXContainerItemProxy */;
		};
/* End PBXTargetDependency section */

/* Begin PBXVariantGroup section */
		610237AE1C0ECF47005F6490 /* Main.storyboard */ = {
			isa = PBXVariantGroup;
			children = (
				610237AF1C0ECF47005F6490 /* Base */,
			);
			name = Main.storyboard;
			sourceTree = "<group>";
		};
/* End PBXVariantGroup section */

/* Begin XCBuildConfiguration section */
		610237CD1C0ECF47005F6490 /* Debug */ = {
			isa = XCBuildConfiguration;
			buildSettings = {
				ALWAYS_SEARCH_USER_PATHS = NO;
				CLANG_CXX_LANGUAGE_STANDARD = "gnu++0x";
				CLANG_CXX_LIBRARY = "libc++";
				CLANG_ENABLE_MODULES = YES;
				CLANG_ENABLE_OBJC_ARC = YES;
				CLANG_WARN_BOOL_CONVERSION = YES;
				CLANG_WARN_CONSTANT_CONVERSION = YES;
				CLANG_WARN_DIRECT_OBJC_ISA_USAGE = YES_ERROR;
				CLANG_WARN_EMPTY_BODY = YES;
				CLANG_WARN_ENUM_CONVERSION = YES;
				CLANG_WARN_INT_CONVERSION = YES;
				CLANG_WARN_OBJC_ROOT_CLASS = YES_ERROR;
				CLANG_WARN_UNREACHABLE_CODE = YES;
				CLANG_WARN__DUPLICATE_METHOD_MATCH = YES;
				"CODE_SIGN_IDENTITY[sdk=iphoneos*]" = "iPhone Developer";
				COPY_PHASE_STRIP = NO;
				DEBUG_INFORMATION_FORMAT = dwarf;
				ENABLE_STRICT_OBJC_MSGSEND = YES;
				ENABLE_TESTABILITY = YES;
				GCC_C_LANGUAGE_STANDARD = gnu99;
				GCC_DYNAMIC_NO_PIC = NO;
				GCC_NO_COMMON_BLOCKS = YES;
				GCC_OPTIMIZATION_LEVEL = 0;
				GCC_PREPROCESSOR_DEFINITIONS = (
					"DEBUG=1",
					"$(inherited)",
				);
				GCC_WARN_64_TO_32_BIT_CONVERSION = YES;
				GCC_WARN_ABOUT_RETURN_TYPE = YES_ERROR;
				GCC_WARN_UNDECLARED_SELECTOR = YES;
				GCC_WARN_UNINITIALIZED_AUTOS = YES_AGGRESSIVE;
				GCC_WARN_UNUSED_FUNCTION = YES;
				GCC_WARN_UNUSED_VARIABLE = YES;
				IPHONEOS_DEPLOYMENT_TARGET = 9.1;
				MTL_ENABLE_DEBUG_INFO = YES;
				ONLY_ACTIVE_ARCH = YES;
				SDKROOT = iphoneos;
				SWIFT_OPTIMIZATION_LEVEL = "-Onone";
			};
			name = Debug;
		};
		610237CE1C0ECF47005F6490 /* Release */ = {
			isa = XCBuildConfiguration;
			buildSettings = {
				ALWAYS_SEARCH_USER_PATHS = NO;
				CLANG_CXX_LANGUAGE_STANDARD = "gnu++0x";
				CLANG_CXX_LIBRARY = "libc++";
				CLANG_ENABLE_MODULES = YES;
				CLANG_ENABLE_OBJC_ARC = YES;
				CLANG_WARN_BOOL_CONVERSION = YES;
				CLANG_WARN_CONSTANT_CONVERSION = YES;
				CLANG_WARN_DIRECT_OBJC_ISA_USAGE = YES_ERROR;
				CLANG_WARN_EMPTY_BODY = YES;
				CLANG_WARN_ENUM_CONVERSION = YES;
				CLANG_WARN_INT_CONVERSION = YES;
				CLANG_WARN_OBJC_ROOT_CLASS = YES_ERROR;
				CLANG_WARN_UNREACHABLE_CODE = YES;
				CLANG_WARN__DUPLICATE_METHOD_MATCH = YES;
				"CODE_SIGN_IDENTITY[sdk=iphoneos*]" = "iPhone Developer";
				COPY_PHASE_STRIP = NO;
				DEBUG_INFORMATION_FORMAT = "dwarf-with-dsym";
				ENABLE_NS_ASSERTIONS = NO;
				ENABLE_STRICT_OBJC_MSGSEND = YES;
				GCC_C_LANGUAGE_STANDARD = gnu99;
				GCC_NO_COMMON_BLOCKS = YES;
				GCC_WARN_64_TO_32_BIT_CONVERSION = YES;
				GCC_WARN_ABOUT_RETURN_TYPE = YES_ERROR;
				GCC_WARN_UNDECLARED_SELECTOR = YES;
				GCC_WARN_UNINITIALIZED_AUTOS = YES_AGGRESSIVE;
				GCC_WARN_UNUSED_FUNCTION = YES;
				GCC_WARN_UNUSED_VARIABLE = YES;
				IPHONEOS_DEPLOYMENT_TARGET = 9.1;
				MTL_ENABLE_DEBUG_INFO = NO;
				SDKROOT = iphoneos;
				VALIDATE_PRODUCT = YES;
			};
			name = Release;
		};
		610237D01C0ECF47005F6490 /* Debug */ = {
			isa = XCBuildConfiguration;
			buildSettings = {
				ASSETCATALOG_COMPILER_APPICON_NAME = AppIcon;
				INFOPLIST_FILE = AlarmV2/Info.plist;
				LD_RUNPATH_SEARCH_PATHS = "$(inherited) @executable_path/Frameworks";
				PRODUCT_BUNDLE_IDENTIFIER = a.AlarmV2;
				PRODUCT_NAME = AlarmV2;
			};
			name = Debug;
		};
		610237D11C0ECF47005F6490 /* Release */ = {
			isa = XCBuildConfiguration;
			buildSettings = {
				ASSETCATALOG_COMPILER_APPICON_NAME = AppIcon;
				INFOPLIST_FILE = AlarmV2/Info.plist;
				LD_RUNPATH_SEARCH_PATHS = "$(inherited) @executable_path/Frameworks";
				PRODUCT_BUNDLE_IDENTIFIER = a.AlarmV2;
				PRODUCT_NAME = AlarmV2;
			};
			name = Release;
		};
		610237D31C0ECF47005F6490 /* Debug */ = {
			isa = XCBuildConfiguration;
			buildSettings = {
				BUNDLE_LOADER = "$(TEST_HOST)";
				INFOPLIST_FILE = AlarmV2Tests/Info.plist;
				LD_RUNPATH_SEARCH_PATHS = "$(inherited) @executable_path/Frameworks @loader_path/Frameworks";
				PRODUCT_BUNDLE_IDENTIFIER = a.AlarmV2Tests;
				PRODUCT_NAME = AlarmV2;
				TEST_HOST = "$(BUILT_PRODUCTS_DIR)/AlarmV2.app/AlarmV2";
			};
			name = Debug;
		};
		610237D41C0ECF47005F6490 /* Release */ = {
			isa = XCBuildConfiguration;
			buildSettings = {
				BUNDLE_LOADER = "$(TEST_HOST)";
				INFOPLIST_FILE = AlarmV2Tests/Info.plist;
				LD_RUNPATH_SEARCH_PATHS = "$(inherited) @executable_path/Frameworks @loader_path/Frameworks";
				PRODUCT_BUNDLE_IDENTIFIER = a.AlarmV2Tests;
				PRODUCT_NAME = AlarmV2;
				TEST_HOST = "$(BUILT_PRODUCTS_DIR)/AlarmV2.app/AlarmV2";
			};
			name = Release;
		};
		610237D61C0ECF47005F6490 /* Debug */ = {
			isa = XCBuildConfiguration;
			buildSettings = {
				INFOPLIST_FILE = AlarmV2UITests/Info.plist;
				LD_RUNPATH_SEARCH_PATHS = "$(inherited) @executable_path/Frameworks @loader_path/Frameworks";
				PRODUCT_BUNDLE_IDENTIFIER = a.AlarmV2UITests;
				PRODUCT_NAME = AlarmV2;
				TEST_TARGET_NAME = AlarmV2;
				USES_XCTRUNNER = YES;
			};
			name = Debug;
		};
		610237D71C0ECF47005F6490 /* Release */ = {
			isa = XCBuildConfiguration;
			buildSettings = {
				INFOPLIST_FILE = AlarmV2UITests/Info.plist;
				LD_RUNPATH_SEARCH_PATHS = "$(inherited) @executable_path/Frameworks @loader_path/Frameworks";
				PRODUCT_BUNDLE_IDENTIFIER = a.AlarmV2UITests;
				PRODUCT_NAME = AlarmV2;
				TEST_TARGET_NAME = AlarmV2;
				USES_XCTRUNNER = YES;
			};
			name = Release;
		};
/* End XCBuildConfiguration section */

/* Begin XCConfigurationList section */
		610237A21C0ECF47005F6490 /* Build configuration list for PBXProject "AlarmV2" */ = {
			isa = XCConfigurationList;
			buildConfigurations = (
				610237CD1C0ECF47005F6490 /* Debug */,
				610237CE1C0ECF47005F6490 /* Release */,
			);
			defaultConfigurationIsVisible = 0;
			defaultConfigurationName = Release;
		};
		610237CF1C0ECF47005F6490 /* Build configuration list for PBXNativeTarget "AlarmV2" */ = {
			isa = XCConfigurationList;
			buildConfigurations = (
				610237D01C0ECF47005F6490 /* Debug */,
				610237D11C0ECF47005F6490 /* Release */,
			);
			defaultConfigurationIsVisible = 0;
			defaultConfigurationName = Release;
		};
		610237D21C0ECF47005F6490 /* Build configuration list for PBXNativeTarget "AlarmV2Tests" */ = {
			isa = XCConfigurationList;
			buildConfigurations = (
				610237D31C0ECF47005F6490 /* Debug */,
				610237D41C0ECF47005F6490 /* Release */,
			);
			defaultConfigurationIsVisible = 0;
			defaultConfigurationName = Release;
		};
		610237D51C0ECF47005F6490 /* Build configuration list for PBXNativeTarget "AlarmV2UITests" */ = {
			isa = XCConfigurationList;
			buildConfigurations = (
				610237D61C0ECF47005F6490 /* Debug */,
				610237D71C0ECF47005F6490 /* Release */,
			);
			defaultConfigurationIsVisible = 0;
			defaultConfigurationName = Release;
		};
/* End XCConfigurationList section */
	};
	rootObject = 6102379F1C0ECF47005F6490 /* Project object */;
}
