// !$*UTF8*$!
{
	archiveVersion = 1;
	classes = {
	};
	objectVersion = 46;
	objects = {

/* Begin PBXBuildFile section */
		61E39F321C22617F00CA9EF6 /* AppDelegate.swift in Sources */ = {isa = PBXBuildFile; fileRef = 61E39F311C22617F00CA9EF6 /* AppDelegate.swift */; };
		61E39F341C22617F00CA9EF6 /* ViewController.swift in Sources */ = {isa = PBXBuildFile; fileRef = 61E39F331C22617F00CA9EF6 /* ViewController.swift */; };
		61E39F371C22617F00CA9EF6 /* Main.storyboard in Resources */ = {isa = PBXBuildFile; fileRef = 61E39F351C22617F00CA9EF6 /* Main.storyboard */; };
		61E39F3A1C22617F00CA9EF6 /* Alarm.xcdatamodeld in Sources */ = {isa = PBXBuildFile; fileRef = 61E39F381C22617F00CA9EF6 /* Alarm.xcdatamodeld */; };
		61E39F3C1C22617F00CA9EF6 /* Assets.xcassets in Resources */ = {isa = PBXBuildFile; fileRef = 61E39F3B1C22617F00CA9EF6 /* Assets.xcassets */; };
		61E39F3F1C22617F00CA9EF6 /* LaunchScreen.storyboard in Resources */ = {isa = PBXBuildFile; fileRef = 61E39F3D1C22617F00CA9EF6 /* LaunchScreen.storyboard */; };
		61E39F4A1C22617F00CA9EF6 /* AlarmTests.swift in Sources */ = {isa = PBXBuildFile; fileRef = 61E39F491C22617F00CA9EF6 /* AlarmTests.swift */; };
		61E39F551C22617F00CA9EF6 /* AlarmUITests.swift in Sources */ = {isa = PBXBuildFile; fileRef = 61E39F541C22617F00CA9EF6 /* AlarmUITests.swift */; };
/* End PBXBuildFile section */

/* Begin PBXContainerItemProxy section */
		61E39F461C22617F00CA9EF6 /* PBXContainerItemProxy */ = {
			isa = PBXContainerItemProxy;
			containerPortal = 61E39F261C22617F00CA9EF6 /* Project object */;
			proxyType = 1;
			remoteGlobalIDString = 61E39F2D1C22617F00CA9EF6;
			remoteInfo = Alarm;
		};
		61E39F511C22617F00CA9EF6 /* PBXContainerItemProxy */ = {
			isa = PBXContainerItemProxy;
			containerPortal = 61E39F261C22617F00CA9EF6 /* Project object */;
			proxyType = 1;
			remoteGlobalIDString = 61E39F2D1C22617F00CA9EF6;
			remoteInfo = Alarm;
		};
/* End PBXContainerItemProxy section */

/* Begin PBXFileReference section */
		61E39F2E1C22617F00CA9EF6 /* Alarm.app */ = {isa = PBXFileReference; explicitFileType = wrapper.application; includeInIndex = 0; path = Alarm.app; sourceTree = BUILT_PRODUCTS_DIR; };
		61E39F311C22617F00CA9EF6 /* AppDelegate.swift */ = {isa = PBXFileReference; lastKnownFileType = sourcecode.swift; path = AppDelegate.swift; sourceTree = "<group>"; };
		61E39F331C22617F00CA9EF6 /* ViewController.swift */ = {isa = PBXFileReference; lastKnownFileType = sourcecode.swift; path = ViewController.swift; sourceTree = "<group>"; };
		61E39F361C22617F00CA9EF6 /* Base */ = {isa = PBXFileReference; lastKnownFileType = file.storyboard; name = Base; path = Base.lproj/Main.storyboard; sourceTree = "<group>"; };
		61E39F391C22617F00CA9EF6 /* Alarm.xcdatamodel */ = {isa = PBXFileReference; lastKnownFileType = wrapper.xcdatamodel; path = Alarm.xcdatamodel; sourceTree = "<group>"; };
		61E39F3B1C22617F00CA9EF6 /* Assets.xcassets */ = {isa = PBXFileReference; lastKnownFileType = folder.assetcatalog; path = Assets.xcassets; sourceTree = "<group>"; };
		61E39F3E1C22617F00CA9EF6 /* Base */ = {isa = PBXFileReference; lastKnownFileType = file.storyboard; name = Base; path = Base.lproj/LaunchScreen.storyboard; sourceTree = "<group>"; };
		61E39F401C22617F00CA9EF6 /* Info.plist */ = {isa = PBXFileReference; lastKnownFileType = text.plist.xml; path = Info.plist; sourceTree = "<group>"; };
		61E39F451C22617F00CA9EF6 /* AlarmTests.xctest */ = {isa = PBXFileReference; explicitFileType = wrapper.cfbundle; includeInIndex = 0; path = AlarmTests.xctest; sourceTree = BUILT_PRODUCTS_DIR; };
		61E39F491C22617F00CA9EF6 /* AlarmTests.swift */ = {isa = PBXFileReference; lastKnownFileType = sourcecode.swift; path = AlarmTests.swift; sourceTree = "<group>"; };
		61E39F4B1C22617F00CA9EF6 /* Info.plist */ = {isa = PBXFileReference; lastKnownFileType = text.plist.xml; path = Info.plist; sourceTree = "<group>"; };
		61E39F501C22617F00CA9EF6 /* AlarmUITests.xctest */ = {isa = PBXFileReference; explicitFileType = wrapper.cfbundle; includeInIndex = 0; path = AlarmUITests.xctest; sourceTree = BUILT_PRODUCTS_DIR; };
		61E39F541C22617F00CA9EF6 /* AlarmUITests.swift */ = {isa = PBXFileReference; lastKnownFileType = sourcecode.swift; path = AlarmUITests.swift; sourceTree = "<group>"; };
		61E39F561C22617F00CA9EF6 /* Info.plist */ = {isa = PBXFileReference; lastKnownFileType = text.plist.xml; path = Info.plist; sourceTree = "<group>"; };
/* End PBXFileReference section */

/* Begin PBXFrameworksBuildPhase section */
		61E39F2B1C22617F00CA9EF6 /* Frameworks */ = {
			isa = PBXFrameworksBuildPhase;
			buildActionMask = 2147483647;
			files = (
			);
			runOnlyForDeploymentPostprocessing = 0;
		};
		61E39F421C22617F00CA9EF6 /* Frameworks */ = {
			isa = PBXFrameworksBuildPhase;
			buildActionMask = 2147483647;
			files = (
			);
			runOnlyForDeploymentPostprocessing = 0;
		};
		61E39F4D1C22617F00CA9EF6 /* Frameworks */ = {
			isa = PBXFrameworksBuildPhase;
			buildActionMask = 2147483647;
			files = (
			);
			runOnlyForDeploymentPostprocessing = 0;
		};
/* End PBXFrameworksBuildPhase section */

/* Begin PBXGroup section */
		61E39F251C22617F00CA9EF6 = {
			isa = PBXGroup;
			children = (
				61E39F301C22617F00CA9EF6 /* Alarm */,
				61E39F481C22617F00CA9EF6 /* AlarmTests */,
				61E39F531C22617F00CA9EF6 /* AlarmUITests */,
				61E39F2F1C22617F00CA9EF6 /* Products */,
			);
			sourceTree = "<group>";
		};
		61E39F2F1C22617F00CA9EF6 /* Products */ = {
			isa = PBXGroup;
			children = (
				61E39F2E1C22617F00CA9EF6 /* Alarm.app */,
				61E39F451C22617F00CA9EF6 /* AlarmTests.xctest */,
				61E39F501C22617F00CA9EF6 /* AlarmUITests.xctest */,
			);
			name = Products;
			sourceTree = "<group>";
		};
		61E39F301C22617F00CA9EF6 /* Alarm */ = {
			isa = PBXGroup;
			children = (
				61E39F311C22617F00CA9EF6 /* AppDelegate.swift */,
				61E39F331C22617F00CA9EF6 /* ViewController.swift */,
				61E39F351C22617F00CA9EF6 /* Main.storyboard */,
				61E39F3B1C22617F00CA9EF6 /* Assets.xcassets */,
				61E39F3D1C22617F00CA9EF6 /* LaunchScreen.storyboard */,
				61E39F401C22617F00CA9EF6 /* Info.plist */,
				61E39F381C22617F00CA9EF6 /* Alarm.xcdatamodeld */,
			);
			path = Alarm;
			sourceTree = "<group>";
		};
		61E39F481C22617F00CA9EF6 /* AlarmTests */ = {
			isa = PBXGroup;
			children = (
				61E39F491C22617F00CA9EF6 /* AlarmTests.swift */,
				61E39F4B1C22617F00CA9EF6 /* Info.plist */,
			);
			path = AlarmTests;
			sourceTree = "<group>";
		};
		61E39F531C22617F00CA9EF6 /* AlarmUITests */ = {
			isa = PBXGroup;
			children = (
				61E39F541C22617F00CA9EF6 /* AlarmUITests.swift */,
				61E39F561C22617F00CA9EF6 /* Info.plist */,
			);
			path = AlarmUITests;
			sourceTree = "<group>";
		};
/* End PBXGroup section */

/* Begin PBXNativeTarget section */
		61E39F2D1C22617F00CA9EF6 /* Alarm */ = {
			isa = PBXNativeTarget;
			buildConfigurationList = 61E39F591C22617F00CA9EF6 /* Build configuration list for PBXNativeTarget "Alarm" */;
			buildPhases = (
				61E39F2A1C22617F00CA9EF6 /* Sources */,
				61E39F2B1C22617F00CA9EF6 /* Frameworks */,
				61E39F2C1C22617F00CA9EF6 /* Resources */,
			);
			buildRules = (
			);
			dependencies = (
			);
			name = Alarm;
			productName = Alarm;
			productReference = 61E39F2E1C22617F00CA9EF6 /* Alarm.app */;
			productType = "com.apple.product-type.application";
		};
		61E39F441C22617F00CA9EF6 /* AlarmTests */ = {
			isa = PBXNativeTarget;
			buildConfigurationList = 61E39F5C1C22617F00CA9EF6 /* Build configuration list for PBXNativeTarget "AlarmTests" */;
			buildPhases = (
				61E39F411C22617F00CA9EF6 /* Sources */,
				61E39F421C22617F00CA9EF6 /* Frameworks */,
				61E39F431C22617F00CA9EF6 /* Resources */,
			);
			buildRules = (
			);
			dependencies = (
				61E39F471C22617F00CA9EF6 /* PBXTargetDependency */,
			);
			name = AlarmTests;
			productName = AlarmTests;
			productReference = 61E39F451C22617F00CA9EF6 /* AlarmTests.xctest */;
			productType = "com.apple.product-type.bundle.unit-test";
		};
		61E39F4F1C22617F00CA9EF6 /* AlarmUITests */ = {
			isa = PBXNativeTarget;
			buildConfigurationList = 61E39F5F1C22617F00CA9EF6 /* Build configuration list for PBXNativeTarget "AlarmUITests" */;
			buildPhases = (
				61E39F4C1C22617F00CA9EF6 /* Sources */,
				61E39F4D1C22617F00CA9EF6 /* Frameworks */,
				61E39F4E1C22617F00CA9EF6 /* Resources */,
			);
			buildRules = (
			);
			dependencies = (
				61E39F521C22617F00CA9EF6 /* PBXTargetDependency */,
			);
			name = AlarmUITests;
			productName = AlarmUITests;
			productReference = 61E39F501C22617F00CA9EF6 /* AlarmUITests.xctest */;
			productType = "com.apple.product-type.bundle.ui-testing";
		};
/* End PBXNativeTarget section */

/* Begin PBXProject section */
		61E39F261C22617F00CA9EF6 /* Project object */ = {
			isa = PBXProject;
			attributes = {
				LastSwiftUpdateCheck = 0710;
				LastUpgradeCheck = 0710;
				ORGANIZATIONNAME = Masataka;
				TargetAttributes = {
					61E39F2D1C22617F00CA9EF6 = {
						CreatedOnToolsVersion = 7.1.1;
						DevelopmentTeam = LVSNUUQ6DW;
					};
					61E39F441C22617F00CA9EF6 = {
						CreatedOnToolsVersion = 7.1.1;
						DevelopmentTeam = LVSNUUQ6DW;
						TestTargetID = 61E39F2D1C22617F00CA9EF6;
					};
					61E39F4F1C22617F00CA9EF6 = {
						CreatedOnToolsVersion = 7.1.1;
						DevelopmentTeam = LVSNUUQ6DW;
						TestTargetID = 61E39F2D1C22617F00CA9EF6;
					};
				};
			};
			buildConfigurationList = 61E39F291C22617F00CA9EF6 /* Build configuration list for PBXProject "Alarm" */;
			compatibilityVersion = "Xcode 3.2";
			developmentRegion = English;
			hasScannedForEncodings = 0;
			knownRegions = (
				en,
				Base,
			);
			mainGroup = 61E39F251C22617F00CA9EF6;
			productRefGroup = 61E39F2F1C22617F00CA9EF6 /* Products */;
			projectDirPath = "";
			projectRoot = "";
			targets = (
				61E39F2D1C22617F00CA9EF6 /* Alarm */,
				61E39F441C22617F00CA9EF6 /* AlarmTests */,
				61E39F4F1C22617F00CA9EF6 /* AlarmUITests */,
			);
		};
/* End PBXProject section */

/* Begin PBXResourcesBuildPhase section */
		61E39F2C1C22617F00CA9EF6 /* Resources */ = {
			isa = PBXResourcesBuildPhase;
			buildActionMask = 2147483647;
			files = (
				61E39F3F1C22617F00CA9EF6 /* LaunchScreen.storyboard in Resources */,
				61E39F3C1C22617F00CA9EF6 /* Assets.xcassets in Resources */,
				61E39F371C22617F00CA9EF6 /* Main.storyboard in Resources */,
			);
			runOnlyForDeploymentPostprocessing = 0;
		};
		61E39F431C22617F00CA9EF6 /* Resources */ = {
			isa = PBXResourcesBuildPhase;
			buildActionMask = 2147483647;
			files = (
			);
			runOnlyForDeploymentPostprocessing = 0;
		};
		61E39F4E1C22617F00CA9EF6 /* Resources */ = {
			isa = PBXResourcesBuildPhase;
			buildActionMask = 2147483647;
			files = (
			);
			runOnlyForDeploymentPostprocessing = 0;
		};
/* End PBXResourcesBuildPhase section */

/* Begin PBXSourcesBuildPhase section */
		61E39F2A1C22617F00CA9EF6 /* Sources */ = {
			isa = PBXSourcesBuildPhase;
			buildActionMask = 2147483647;
			files = (
				61E39F341C22617F00CA9EF6 /* ViewController.swift in Sources */,
				61E39F321C22617F00CA9EF6 /* AppDelegate.swift in Sources */,
				61E39F3A1C22617F00CA9EF6 /* Alarm.xcdatamodeld in Sources */,
			);
			runOnlyForDeploymentPostprocessing = 0;
		};
		61E39F411C22617F00CA9EF6 /* Sources */ = {
			isa = PBXSourcesBuildPhase;
			buildActionMask = 2147483647;
			files = (
				61E39F4A1C22617F00CA9EF6 /* AlarmTests.swift in Sources */,
			);
			runOnlyForDeploymentPostprocessing = 0;
		};
		61E39F4C1C22617F00CA9EF6 /* Sources */ = {
			isa = PBXSourcesBuildPhase;
			buildActionMask = 2147483647;
			files = (
				61E39F551C22617F00CA9EF6 /* AlarmUITests.swift in Sources */,
			);
			runOnlyForDeploymentPostprocessing = 0;
		};
/* End PBXSourcesBuildPhase section */

/* Begin PBXTargetDependency section */
		61E39F471C22617F00CA9EF6 /* PBXTargetDependency */ = {
			isa = PBXTargetDependency;
			target = 61E39F2D1C22617F00CA9EF6 /* Alarm */;
			targetProxy = 61E39F461C22617F00CA9EF6 /* PBXContainerItemProxy */;
		};
		61E39F521C22617F00CA9EF6 /* PBXTargetDependency */ = {
			isa = PBXTargetDependency;
			target = 61E39F2D1C22617F00CA9EF6 /* Alarm */;
			targetProxy = 61E39F511C22617F00CA9EF6 /* PBXContainerItemProxy */;
		};
/* End PBXTargetDependency section */

/* Begin PBXVariantGroup section */
		61E39F351C22617F00CA9EF6 /* Main.storyboard */ = {
			isa = PBXVariantGroup;
			children = (
				61E39F361C22617F00CA9EF6 /* Base */,
			);
			name = Main.storyboard;
			sourceTree = "<group>";
		};
		61E39F3D1C22617F00CA9EF6 /* LaunchScreen.storyboard */ = {
			isa = PBXVariantGroup;
			children = (
				61E39F3E1C22617F00CA9EF6 /* Base */,
			);
			name = LaunchScreen.storyboard;
			sourceTree = "<group>";
		};
/* End PBXVariantGroup section */

/* Begin XCBuildConfiguration section */
		61E39F571C22617F00CA9EF6 /* Debug */ = {
			isa = XCBuildConfiguration;
			buildSettings = {
				ALWAYS_SEARCH_USER_PATHS = NO;
				CLANG_CXX_LANGUAGE_STANDARD = "gnu++0x";
				CLANG_CXX_LIBRARY = "libc++";
				CLANG_ENABLE_MODULES = YES;
				CLANG_ENABLE_OBJC_ARC = YES;
				CLANG_WARN_BOOL_CONVERSION = YES;
				CLANG_WARN_CONSTANT_CONVERSION = YES;
				CLANG_WARN_DIRECT_OBJC_ISA_USAGE = YES_ERROR;
				CLANG_WARN_EMPTY_BODY = YES;
				CLANG_WARN_ENUM_CONVERSION = YES;
				CLANG_WARN_INT_CONVERSION = YES;
				CLANG_WARN_OBJC_ROOT_CLASS = YES_ERROR;
				CLANG_WARN_UNREACHABLE_CODE = YES;
				CLANG_WARN__DUPLICATE_METHOD_MATCH = YES;
				"CODE_SIGN_IDENTITY[sdk=iphoneos*]" = "iPhone Developer";
				COPY_PHASE_STRIP = NO;
				DEBUG_INFORMATION_FORMAT = dwarf;
				ENABLE_STRICT_OBJC_MSGSEND = YES;
				ENABLE_TESTABILITY = YES;
				GCC_C_LANGUAGE_STANDARD = gnu99;
				GCC_DYNAMIC_NO_PIC = NO;
				GCC_NO_COMMON_BLOCKS = YES;
				GCC_OPTIMIZATION_LEVEL = 0;
				GCC_PREPROCESSOR_DEFINITIONS = (
					"DEBUG=1",
					"$(inherited)",
				);
				GCC_WARN_64_TO_32_BIT_CONVERSION = YES;
				GCC_WARN_ABOUT_RETURN_TYPE = YES_ERROR;
				GCC_WARN_UNDECLARED_SELECTOR = YES;
				GCC_WARN_UNINITIALIZED_AUTOS = YES_AGGRESSIVE;
				GCC_WARN_UNUSED_FUNCTION = YES;
				GCC_WARN_UNUSED_VARIABLE = YES;
				IPHONEOS_DEPLOYMENT_TARGET = 9.1;
				MTL_ENABLE_DEBUG_INFO = YES;
				ONLY_ACTIVE_ARCH = YES;
				SDKROOT = iphoneos;
				SWIFT_OPTIMIZATION_LEVEL = "-Onone";
			};
			name = Debug;
		};
		61E39F581C22617F00CA9EF6 /* Release */ = {
			isa = XCBuildConfiguration;
			buildSettings = {
				ALWAYS_SEARCH_USER_PATHS = NO;
				CLANG_CXX_LANGUAGE_STANDARD = "gnu++0x";
				CLANG_CXX_LIBRARY = "libc++";
				CLANG_ENABLE_MODULES = YES;
				CLANG_ENABLE_OBJC_ARC = YES;
				CLANG_WARN_BOOL_CONVERSION = YES;
				CLANG_WARN_CONSTANT_CONVERSION = YES;
				CLANG_WARN_DIRECT_OBJC_ISA_USAGE = YES_ERROR;
				CLANG_WARN_EMPTY_BODY = YES;
				CLANG_WARN_ENUM_CONVERSION = YES;
				CLANG_WARN_INT_CONVERSION = YES;
				CLANG_WARN_OBJC_ROOT_CLASS = YES_ERROR;
				CLANG_WARN_UNREACHABLE_CODE = YES;
				CLANG_WARN__DUPLICATE_METHOD_MATCH = YES;
				"CODE_SIGN_IDENTITY[sdk=iphoneos*]" = "iPhone Developer";
				COPY_PHASE_STRIP = NO;
				DEBUG_INFORMATION_FORMAT = "dwarf-with-dsym";
				ENABLE_NS_ASSERTIONS = NO;
				ENABLE_STRICT_OBJC_MSGSEND = YES;
				GCC_C_LANGUAGE_STANDARD = gnu99;
				GCC_NO_COMMON_BLOCKS = YES;
				GCC_WARN_64_TO_32_BIT_CONVERSION = YES;
				GCC_WARN_ABOUT_RETURN_TYPE = YES_ERROR;
				GCC_WARN_UNDECLARED_SELECTOR = YES;
				GCC_WARN_UNINITIALIZED_AUTOS = YES_AGGRESSIVE;
				GCC_WARN_UNUSED_FUNCTION = YES;
				GCC_WARN_UNUSED_VARIABLE = YES;
				IPHONEOS_DEPLOYMENT_TARGET = 9.1;
				MTL_ENABLE_DEBUG_INFO = NO;
				SDKROOT = iphoneos;
				VALIDATE_PRODUCT = YES;
			};
			name = Release;
		};
		61E39F5A1C22617F00CA9EF6 /* Debug */ = {
			isa = XCBuildConfiguration;
			buildSettings = {
				ASSETCATALOG_COMPILER_APPICON_NAME = AppIcon;
				INFOPLIST_FILE = Alarm/Info.plist;
				LD_RUNPATH_SEARCH_PATHS = "$(inherited) @executable_path/Frameworks";
				PRODUCT_BUNDLE_IDENTIFIER = MEGA2015.Alarm;
				PRODUCT_NAME = "$(TARGET_NAME)";
			};
			name = Debug;
		};
		61E39F5B1C22617F00CA9EF6 /* Release */ = {
			isa = XCBuildConfiguration;
			buildSettings = {
				ASSETCATALOG_COMPILER_APPICON_NAME = AppIcon;
				INFOPLIST_FILE = Alarm/Info.plist;
				LD_RUNPATH_SEARCH_PATHS = "$(inherited) @executable_path/Frameworks";
				PRODUCT_BUNDLE_IDENTIFIER = MEGA2015.Alarm;
				PRODUCT_NAME = "$(TARGET_NAME)";
			};
			name = Release;
		};
		61E39F5D1C22617F00CA9EF6 /* Debug */ = {
			isa = XCBuildConfiguration;
			buildSettings = {
				BUNDLE_LOADER = "$(TEST_HOST)";
				INFOPLIST_FILE = AlarmTests/Info.plist;
				LD_RUNPATH_SEARCH_PATHS = "$(inherited) @executable_path/Frameworks @loader_path/Frameworks";
				PRODUCT_BUNDLE_IDENTIFIER = MEGA2015.AlarmTests;
				PRODUCT_NAME = "$(TARGET_NAME)";
				TEST_HOST = "$(BUILT_PRODUCTS_DIR)/Alarm.app/Alarm";
			};
			name = Debug;
		};
		61E39F5E1C22617F00CA9EF6 /* Release */ = {
			isa = XCBuildConfiguration;
			buildSettings = {
				BUNDLE_LOADER = "$(TEST_HOST)";
				INFOPLIST_FILE = AlarmTests/Info.plist;
				LD_RUNPATH_SEARCH_PATHS = "$(inherited) @executable_path/Frameworks @loader_path/Frameworks";
				PRODUCT_BUNDLE_IDENTIFIER = MEGA2015.AlarmTests;
				PRODUCT_NAME = "$(TARGET_NAME)";
				TEST_HOST = "$(BUILT_PRODUCTS_DIR)/Alarm.app/Alarm";
			};
			name = Release;
		};
		61E39F601C22617F00CA9EF6 /* Debug */ = {
			isa = XCBuildConfiguration;
			buildSettings = {
				INFOPLIST_FILE = AlarmUITests/Info.plist;
				LD_RUNPATH_SEARCH_PATHS = "$(inherited) @executable_path/Frameworks @loader_path/Frameworks";
				PRODUCT_BUNDLE_IDENTIFIER = MEGA2015.AlarmUITests;
				PRODUCT_NAME = "$(TARGET_NAME)";
				TEST_TARGET_NAME = Alarm;
				USES_XCTRUNNER = YES;
			};
			name = Debug;
		};
		61E39F611C22617F00CA9EF6 /* Release */ = {
			isa = XCBuildConfiguration;
			buildSettings = {
				INFOPLIST_FILE = AlarmUITests/Info.plist;
				LD_RUNPATH_SEARCH_PATHS = "$(inherited) @executable_path/Frameworks @loader_path/Frameworks";
				PRODUCT_BUNDLE_IDENTIFIER = MEGA2015.AlarmUITests;
				PRODUCT_NAME = "$(TARGET_NAME)";
				TEST_TARGET_NAME = Alarm;
				USES_XCTRUNNER = YES;
			};
			name = Release;
		};
/* End XCBuildConfiguration section */

/* Begin XCConfigurationList section */
		61E39F291C22617F00CA9EF6 /* Build configuration list for PBXProject "Alarm" */ = {
			isa = XCConfigurationList;
			buildConfigurations = (
				61E39F571C22617F00CA9EF6 /* Debug */,
				61E39F581C22617F00CA9EF6 /* Release */,
			);
			defaultConfigurationIsVisible = 0;
			defaultConfigurationName = Release;
		};
		61E39F591C22617F00CA9EF6 /* Build configuration list for PBXNativeTarget "Alarm" */ = {
			isa = XCConfigurationList;
			buildConfigurations = (
				61E39F5A1C22617F00CA9EF6 /* Debug */,
				61E39F5B1C22617F00CA9EF6 /* Release */,
			);
			defaultConfigurationIsVisible = 0;
		};
		61E39F5C1C22617F00CA9EF6 /* Build configuration list for PBXNativeTarget "AlarmTests" */ = {
			isa = XCConfigurationList;
			buildConfigurations = (
				61E39F5D1C22617F00CA9EF6 /* Debug */,
				61E39F5E1C22617F00CA9EF6 /* Release */,
			);
			defaultConfigurationIsVisible = 0;
		};
		61E39F5F1C22617F00CA9EF6 /* Build configuration list for PBXNativeTarget "AlarmUITests" */ = {
			isa = XCConfigurationList;
			buildConfigurations = (
				61E39F601C22617F00CA9EF6 /* Debug */,
				61E39F611C22617F00CA9EF6 /* Release */,
			);
			defaultConfigurationIsVisible = 0;
		};
/* End XCConfigurationList section */

/* Begin XCVersionGroup section */
		61E39F381C22617F00CA9EF6 /* Alarm.xcdatamodeld */ = {
			isa = XCVersionGroup;
			children = (
				61E39F391C22617F00CA9EF6 /* Alarm.xcdatamodel */,
			);
			currentVersion = 61E39F391C22617F00CA9EF6 /* Alarm.xcdatamodel */;
			path = Alarm.xcdatamodeld;
			sourceTree = "<group>";
			versionGroupType = wrapper.xcdatamodel;
		};
/* End XCVersionGroup section */
	};
	rootObject = 61E39F261C22617F00CA9EF6 /* Project object */;
}
